
Microsoft Visual Studio Solution File, Format Version 12.00
# Visual Studio Version 17
VisualStudioVersion = 17.7.34221.43
MinimumVisualStudioVersion = 10.0.40219.1
Project("{9A19103F-16F7-4668-BE54-9A1E7A4F7556}") = "Imel.Interfaces", "Imel.Interfaces\Imel.Interfaces.csproj", "{FAEFF2CD-27BF-4F66-BCFB-4B26C8486025}"
EndProject
Project("{9A19103F-16F7-4668-BE54-9A1E7A4F7556}") = "Imel.Models", "Imel.Models\Imel.Models.csproj", "{82115433-7CBB-4E8D-B710-84AB7B2B83E2}"
EndProject
Project("{9A19103F-16F7-4668-BE54-9A1E7A4F7556}") = "Imel.Services", "Imel.Services\Imel.Services.csproj", "{A9FFF5F5-85DE-4CD7-A8B0-A74DE677A4B6}"
EndProject
Project("{9A19103F-16F7-4668-BE54-9A1E7A4F7556}") = "Imel.API", "Imel.API\Imel.API.csproj", "{8EAE25F2-6E59-4500-A723-E77F1780C551}"
EndProject
Project("{FAE04EC0-301F-11D3-BF4B-00C04F79EFBC}") = "Imel.Database", "Imel.Database\Imel.Database.csproj", "{19FD21FF-301A-4D26-A7B9-2449BBC41268}"
EndProject
Global
	GlobalSection(SolutionConfigurationPlatforms) = preSolution
		Debug|Any CPU = Debug|Any CPU
		Release|Any CPU = Release|Any CPU
	EndGlobalSection
	GlobalSection(ProjectConfigurationPlatforms) = postSolution
		{FAEFF2CD-27BF-4F66-BCFB-4B26C8486025}.Debug|Any CPU.ActiveCfg = Debug|Any CPU
		{FAEFF2CD-27BF-4F66-BCFB-4B26C8486025}.Debug|Any CPU.Build.0 = Debug|Any CPU
		{FAEFF2CD-27BF-4F66-BCFB-4B26C8486025}.Release|Any CPU.ActiveCfg = Release|Any CPU
		{FAEFF2CD-27BF-4F66-BCFB-4B26C8486025}.Release|Any CPU.Build.0 = Release|Any CPU
		{82115433-7CBB-4E8D-B710-84AB7B2B83E2}.Debug|Any CPU.ActiveCfg = Debug|Any CPU
		{82115433-7CBB-4E8D-B710-84AB7B2B83E2}.Debug|Any CPU.Build.0 = Debug|Any CPU
		{82115433-7CBB-4E8D-B710-84AB7B2B83E2}.Release|Any CPU.ActiveCfg = Release|Any CPU
		{82115433-7CBB-4E8D-B710-84AB7B2B83E2}.Release|Any CPU.Build.0 = Release|Any CPU
		{A9FFF5F5-85DE-4CD7-A8B0-A74DE677A4B6}.Debug|Any CPU.ActiveCfg = Debug|Any CPU
		{A9FFF5F5-85DE-4CD7-A8B0-A74DE677A4B6}.Debug|Any CPU.Build.0 = Debug|Any CPU
		{A9FFF5F5-85DE-4CD7-A8B0-A74DE677A4B6}.Release|Any CPU.ActiveCfg = Release|Any CPU
		{A9FFF5F5-85DE-4CD7-A8B0-A74DE677A4B6}.Release|Any CPU.Build.0 = Release|Any CPU
		{8EAE25F2-6E59-4500-A723-E77F1780C551}.Debug|Any CPU.ActiveCfg = Debug|Any CPU
		{8EAE25F2-6E59-4500-A723-E77F1780C551}.Debug|Any CPU.Build.0 = Debug|Any CPU
		{8EAE25F2-6E59-4500-A723-E77F1780C551}.Release|Any CPU.ActiveCfg = Release|Any CPU
		{8EAE25F2-6E59-4500-A723-E77F1780C551}.Release|Any CPU.Build.0 = Release|Any CPU
		{19FD21FF-301A-4D26-A7B9-2449BBC41268}.Debug|Any CPU.ActiveCfg = Debug|Any CPU
		{19FD21FF-301A-4D26-A7B9-2449BBC41268}.Debug|Any CPU.Build.0 = Debug|Any CPU
		{19FD21FF-301A-4D26-A7B9-2449BBC41268}.Release|Any CPU.ActiveCfg = Release|Any CPU
		{19FD21FF-301A-4D26-A7B9-2449BBC41268}.Release|Any CPU.Build.0 = Release|Any CPU
	EndGlobalSection
	GlobalSection(SolutionProperties) = preSolution
		HideSolutionNode = FALSE
	EndGlobalSection
	GlobalSection(ExtensibilityGlobals) = postSolution
		SolutionGuid = {6903796A-CB72-45D5-9160-360CBB3DEA2B}
	EndGlobalSection
EndGlobal
